
Microsoft Visual Studio Solution File, Format Version 12.00
Project("{FAE04EC0-301F-11D3-BF4B-00C04F79EFBC}") = "userprofil", "userprofil\userprofil.csproj", "{4D333D3F-8015-44BB-9599-A9D0FBA5EBF6}"
EndProject
Global
	GlobalSection(SolutionConfigurationPlatforms) = preSolution
		Debug|Any CPU = Debug|Any CPU
		Release|Any CPU = Release|Any CPU
	EndGlobalSection
	GlobalSection(ProjectConfigurationPlatforms) = postSolution
		{4D333D3F-8015-44BB-9599-A9D0FBA5EBF6}.Debug|Any CPU.ActiveCfg = Debug|Any CPU
		{4D333D3F-8015-44BB-9599-A9D0FBA5EBF6}.Debug|Any CPU.Build.0 = Debug|Any CPU
		{4D333D3F-8015-44BB-9599-A9D0FBA5EBF6}.Release|Any CPU.ActiveCfg = Release|Any CPU
		{4D333D3F-8015-44BB-9599-A9D0FBA5EBF6}.Release|Any CPU.Build.0 = Release|Any CPU
	EndGlobalSection
EndGlobal
